{
  "originHash" : "55f2b1c59a7af89b49303fc3d4f48696d2b021b19e8a31f56ef63983d11c0d35",
  "pins" : [
    {
      "identity" : "alerttoast",
      "kind" : "remoteSourceControl",
      "location" : "https://github.com/elai950/AlertToast",
      "state" : {
        "revision" : "b39252eacd159904afd7d718bba0afabb87f2f2f",
        "version" : "1.3.9"
      }
    },
    {
      "identity" : "dhflatuicolors",
      "kind" : "remoteSourceControl",
      "location" : "https://github.com/dan-hart/DHFlatUIColors",
      "state" : {
        "branch" : "main",
        "revision" : "06d42501f1cfe11fdc7b487235db58fbc6742846"
      }
    }
  ],
  "version" : 3
}
